
Microsoft Visual Studio Solution File, Format Version 12.00
# Visual Studio 15
Project("{FAE04EC0-301F-11D3-BF4B-00C04F79EFBC}") = "Assembly-CSharp", "Assembly-CSharp.csproj", "{008E82F2-0DF3-86C3-668E-7723155CE772}"
EndProject
Project("{FAE04EC0-301F-11D3-BF4B-00C04F79EFBC}") = "Assembly-CSharp-Editor", "Assembly-CSharp-Editor.csproj", "{00F61126-B94A-6A5A-9D34-2805ABF5F609}"
EndProject
Global
	GlobalSection(SolutionConfigurationPlatforms) = preSolution
		Debug|Any CPU = Debug|Any CPU
		Release|Any CPU = Release|Any CPU
	EndGlobalSection
	GlobalSection(ProjectConfigurationPlatforms) = postSolution
		{008E82F2-0DF3-86C3-668E-7723155CE772}.Debug|Any CPU.ActiveCfg = Debug|Any CPU
		{008E82F2-0DF3-86C3-668E-7723155CE772}.Debug|Any CPU.Build.0 = Debug|Any CPU
		{008E82F2-0DF3-86C3-668E-7723155CE772}.Release|Any CPU.ActiveCfg = Release|Any CPU
		{008E82F2-0DF3-86C3-668E-7723155CE772}.Release|Any CPU.Build.0 = Release|Any CPU
		{00F61126-B94A-6A5A-9D34-2805ABF5F609}.Debug|Any CPU.ActiveCfg = Debug|Any CPU
		{00F61126-B94A-6A5A-9D34-2805ABF5F609}.Debug|Any CPU.Build.0 = Debug|Any CPU
		{00F61126-B94A-6A5A-9D34-2805ABF5F609}.Release|Any CPU.ActiveCfg = Release|Any CPU
		{00F61126-B94A-6A5A-9D34-2805ABF5F609}.Release|Any CPU.Build.0 = Release|Any CPU
	EndGlobalSection
	GlobalSection(SolutionProperties) = preSolution
		HideSolutionNode = FALSE
	EndGlobalSection
EndGlobal
